{"format_version":"1.0","provider_schemas":{"registry.terraform.io/thousandeyes/thousandeyes":{"provider":{"version":0,"block":{"attributes":{"account_group_id":{"type":"string","description":"The ThousandEyes account group's unique ID.","description_kind":"plain","optional":true},"api_endpoint":{"type":"string","description":"The ThousandEyes API Endpoint's URL. E.g. https://api.thousandeyes.com/v6","description_kind":"plain","optional":true},"timeout":{"type":"number","description":"The timeout value.","description_kind":"plain","optional":true},"token":{"type":"string","description":"The ThousandEyes organization's authentication token.","description_kind":"plain","required":true}},"description_kind":"plain"}},"resource_schemas":{"thousandeyes_agent_to_agent":{"version":0,"block":{"attributes":{"alerts_enabled":{"type":"bool","description":"Set to 'true' to enable alerts, or 'false' to disable alerts. The default value is 'true'.","description_kind":"plain","optional":true},"api_links":{"type":["list",["object",{"href":"string","rel":"string"}]],"description":"Self links to the endpoint to pull test metadata, and data links to the endpoint for test data. Read-only, and shows rel and href elements.","description_kind":"plain","computed":true},"bgp_measurements":{"type":"bool","description":"Enable BGP measurements. Set to true for enabled, false for disabled.","description_kind":"plain","optional":true},"created_by":{"type":"string","description":"Created by user.","description_kind":"plain","computed":true},"created_date":{"type":"string","description":"The date of creation.","description_kind":"plain","computed":true},"description":{"type":"string","description":"A description of the alert rule. Defaults to an empty string.","description_kind":"plain","optional":true},"direction":{"type":"string","description":"[TO_TARGET, FROM_TARGET, BIDIRECTIONAL] The direction of the test (affects how results are shown).","description_kind":"plain","required":true},"dscp":{"type":"string","description":"The Differentiated Services Code Point (DSCP) label.","description_kind":"plain","computed":true},"dscp_id":{"type":"number","description":"The DSCP ID.","description_kind":"plain","optional":true},"enabled":{"type":"bool","description":"Enables or disables the test.","description_kind":"plain","optional":true},"groups":{"type":["set",["object",{"agents":["list",["object",{"agent_id":"number"}]],"builtin":"bool","group_id":"number","name":"string","tests":["list",["object",{"test_id":"number"}]],"type":"string"}]],"description":"The array of label objects.","description_kind":"plain","computed":true},"id":{"type":"string","description_kind":"plain","optional":true,"computed":true},"interval":{"type":"number","description":"The interval to run the test on, in seconds.","description_kind":"plain","required":true},"live_share":{"type":"bool","description":"Set to 'true' for a test shared with your account group, or to 'false' for a normal test.","description_kind":"plain","computed":true},"modified_by":{"type":"string","description":"Last modified by this user.","description_kind":"plain","computed":true},"modified_date":{"type":"string","description":"The date the test was last modified. Shown in UTC.","description_kind":"plain","computed":true},"mss":{"type":"number","description":"The maximum segment size, in bytes. Value can be from 30 to 1400.","description_kind":"plain","optional":true},"mtu_measurements":{"type":"bool","description":"Measure MTU sizes on the network from agents to the target.","description_kind":"plain","optional":true},"network_measurements":{"type":"bool","description":"Set to 'true' to enable network measurements.","description_kind":"plain","optional":true},"num_path_traces":{"type":"number","description":"The number of path traces.","description_kind":"plain","optional":true},"path_trace_mode":{"type":"string","description":"[classic or inSession] Choose 'inSession' to perform the path trace within a TCP session. Default value is 'classic'.","description_kind":"plain","optional":true},"port":{"type":"number","description":"The target port.","description_kind":"plain","optional":true},"protocol":{"type":"string","description":"[TCP or UDP] The protocol for agent to agent tests. Defaults to TCP.","description_kind":"plain","required":true},"saved_event":{"type":"bool","description":"Set to 'true' for a saved event, or to 'false' for a normal test.","description_kind":"plain","computed":true},"target_agent_id":{"type":"number","description":"The target agent's unique ID. Pulled from the /agents endpoint. Both the 'agents': [] and the targetAgentID cannot be Cloud Agents. Can be Enterprise Agent -\u003e Cloud, Cloud -\u003e Enterprise Agent, or Enterprise Agent -\u003e Enterprise Agent.","description_kind":"plain","required":true},"test_id":{"type":"number","description":"The unique ID of the test.","description_kind":"plain","computed":true},"test_name":{"type":"string","description":"The name of the test.","description_kind":"plain","required":true},"throughput_duration":{"type":"number","description":"The throughput duration in milliseconds. The default value is 10000.","description_kind":"plain","optional":true},"throughput_measurements":{"type":"bool","description":"Enables or disables throughput measurements. This is not allowed when the source or target of the test is a Cloud Agent. Defaults to disabled.","description_kind":"plain","optional":true},"throughput_rate":{"type":"number","description":"Defines the throughput rate. Fo UDP tests only.","description_kind":"plain","optional":true},"type":{"type":"string","description":"The type of test.","description_kind":"plain","computed":true},"use_public_bgp":{"type":"bool","description":"Enable to automatically add all available Public BGP Monitors to the test.","description_kind":"plain","optional":true}},"block_types":{"agents":{"nesting_mode":"set","block":{"attributes":{"agent_id":{"type":"number","description":"The unique ID for the ThousandEyes agent.","description_kind":"plain","required":true}},"description":"The list of ThousandEyes agents to use.","description_kind":"plain"},"min_items":1},"alert_rules":{"nesting_mode":"set","block":{"attributes":{"rule_id":{"type":"number","description":"The unique ID of the alert rule.","description_kind":"plain","optional":true}},"description":"Gets the ruleId from the /alert-rules endpoint. If alertsEnabled is set to 'true' and alertRules is not included in a creation/update query, the applicable defaults will be used.","description_kind":"plain"}},"bgp_monitors":{"nesting_mode":"list","block":{"attributes":{"ip_address":{"type":"string","description":"The IP address of the BGP monitor.","description_kind":"plain","optional":true},"monitor_id":{"type":"number","description":"The unique ID of the BGP monitor.","description_kind":"plain","required":true},"monitor_name":{"type":"string","description":"The name of the BGP monitor.","description_kind":"plain","optional":true},"monitor_type":{"type":"string","description":"[Public or Private] Shows the type of BGP monitor.","description_kind":"plain","optional":true},"network":{"type":"string","description":"The name of the autonomous system in which the BGP monitor is found.","description_kind":"plain","optional":true}},"description":"The array of BGP monitor object IDs. The monitorIDs can be sourced from the /bgp-monitors endpoint.","description_kind":"plain"}},"shared_with_accounts":{"nesting_mode":"list","block":{"attributes":{"aid":{"type":"number","description":"The account group ID.","description_kind":"plain","required":true},"name":{"type":"string","description":"Account name.","description_kind":"plain","computed":true}},"description":"[“serverName”: “fqdn of server”] The array of DNS Server objects.","description_kind":"plain"}}},"description":"This resource allows you to create and configure an agent-to-agent test. This test type evaluates the performance of the underlying network between two physical sites. For more information about agent-to-agent tests, see [Agent-to-Agent Tests](https://docs.thousandeyes.com/product-documentation/internet-and-wan-monitoring/tests#agent-to-agent-test).","description_kind":"plain"}},"thousandeyes_agent_to_server":{"version":0,"block":{"attributes":{"alerts_enabled":{"type":"bool","description":"Set to 'true' to enable alerts, or 'false' to disable alerts. The default value is 'true'.","description_kind":"plain","optional":true},"api_links":{"type":["list",["object",{"href":"string","rel":"string"}]],"description":"Self links to the endpoint to pull test metadata, and data links to the endpoint for test data. Read-only, and shows rel and href elements.","description_kind":"plain","computed":true},"bandwidth_measurements":{"type":"bool","description":"Set to 1 to measure bandwidth. This only applies to Enterprise Agents assigned to the test, and requires that networkMeasurements is set. Defaults to 'false'.","description_kind":"plain","optional":true},"bgp_measurements":{"type":"bool","description":"Enable BGP measurements. Set to true for enabled, false for disabled.","description_kind":"plain","optional":true},"created_by":{"type":"string","description":"Created by user.","description_kind":"plain","computed":true},"created_date":{"type":"string","description":"The date of creation.","description_kind":"plain","computed":true},"description":{"type":"string","description":"A description of the alert rule. Defaults to an empty string.","description_kind":"plain","optional":true},"enabled":{"type":"bool","description":"Enables or disables the test.","description_kind":"plain","optional":true},"groups":{"type":["set",["object",{"agents":["list",["object",{"agent_id":"number"}]],"builtin":"bool","group_id":"number","name":"string","tests":["list",["object",{"test_id":"number"}]],"type":"string"}]],"description":"The array of label objects.","description_kind":"plain","computed":true},"id":{"type":"string","description_kind":"plain","optional":true,"computed":true},"interval":{"type":"number","description":"The interval to run the test on, in seconds.","description_kind":"plain","required":true},"live_share":{"type":"bool","description":"Set to 'true' for a test shared with your account group, or to 'false' for a normal test.","description_kind":"plain","computed":true},"modified_by":{"type":"string","description":"Last modified by this user.","description_kind":"plain","computed":true},"modified_date":{"type":"string","description":"The date the test was last modified. Shown in UTC.","description_kind":"plain","computed":true},"mtu_measurements":{"type":"bool","description":"Measure MTU sizes on the network from agents to the target.","description_kind":"plain","optional":true},"network_measurements":{"type":"bool","description":"Set to 'true' to enable network measurements.","description_kind":"plain","optional":true},"num_path_traces":{"type":"number","description":"The number of path traces.","description_kind":"plain","optional":true},"path_trace_mode":{"type":"string","description":"[classic or inSession] Choose 'inSession' to perform the path trace within a TCP session. Default value is 'classic'.","description_kind":"plain","optional":true},"port":{"type":"number","description":"The target port.","description_kind":"plain","optional":true},"probe_mode":{"type":"string","description":"[AUTO, SACk, or SYN] The probe mode used by end-to-end network tests. This is only valid if the protocol is set to TCP. The default value is AUTO.","description_kind":"plain","optional":true},"protocol":{"type":"string","description":"The protocol used by dependent network tests (end-to-end, path trace, PMTUD). Default value is TCP.","description_kind":"plain","optional":true},"saved_event":{"type":"bool","description":"Set to 'true' for a saved event, or to 'false' for a normal test.","description_kind":"plain","computed":true},"server":{"type":"string","description":"The target host.","description_kind":"plain","required":true},"test_id":{"type":"number","description":"The unique ID of the test.","description_kind":"plain","computed":true},"test_name":{"type":"string","description":"The name of the test.","description_kind":"plain","required":true},"type":{"type":"string","description":"The type of test.","description_kind":"plain","computed":true},"use_public_bgp":{"type":"bool","description":"Enable to automatically add all available Public BGP Monitors to the test.","description_kind":"plain","optional":true}},"block_types":{"agents":{"nesting_mode":"set","block":{"attributes":{"agent_id":{"type":"number","description":"The unique ID for the ThousandEyes agent.","description_kind":"plain","required":true}},"description":"The list of ThousandEyes agents to use.","description_kind":"plain"},"min_items":1},"alert_rules":{"nesting_mode":"set","block":{"attributes":{"rule_id":{"type":"number","description":"The unique ID of the alert rule.","description_kind":"plain","optional":true}},"description":"Gets the ruleId from the /alert-rules endpoint. If alertsEnabled is set to 'true' and alertRules is not included in a creation/update query, the applicable defaults will be used.","description_kind":"plain"}},"bgp_monitors":{"nesting_mode":"list","block":{"attributes":{"ip_address":{"type":"string","description":"The IP address of the BGP monitor.","description_kind":"plain","optional":true},"monitor_id":{"type":"number","description":"The unique ID of the BGP monitor.","description_kind":"plain","required":true},"monitor_name":{"type":"string","description":"The name of the BGP monitor.","description_kind":"plain","optional":true},"monitor_type":{"type":"string","description":"[Public or Private] Shows the type of BGP monitor.","description_kind":"plain","optional":true},"network":{"type":"string","description":"The name of the autonomous system in which the BGP monitor is found.","description_kind":"plain","optional":true}},"description":"The array of BGP monitor object IDs. The monitorIDs can be sourced from the /bgp-monitors endpoint.","description_kind":"plain"}},"shared_with_accounts":{"nesting_mode":"list","block":{"attributes":{"aid":{"type":"number","description":"The account group ID.","description_kind":"plain","required":true},"name":{"type":"string","description":"Account name.","description_kind":"plain","computed":true}},"description":"[“serverName”: “fqdn of server”] The array of DNS Server objects.","description_kind":"plain"}}},"description":"This resource allows you to create and configure an agent-to-server test. This test type measures network performance as seen from ThousandEyes agent(s) towards a remote server. For more information about agent-to-server tests, see [Agent-to-Server Tests](https://docs.thousandeyes.com/product-documentation/internet-and-wan-monitoring/tests#agent-to-server-test).","description_kind":"plain"}},"thousandeyes_alert_rule":{"version":0,"block":{"attributes":{"alert_rule_id":{"type":"number","description":"The unique ID of the alert rule.","description_kind":"plain","computed":true},"alert_type":{"type":"string","description":"[Page Load, HTTP Server, End-to-End (Server), End-to-End (Agent), DNS Server, DNS Trace, DNSSEC, Transactions, Web Transactions, BGP, Path Trace, FTP, SIP Server] The type of alert rule. Acceptable values include the verbose names of supported tests.","description_kind":"plain","required":true},"default":{"type":"bool","description":"Alert rules allow up to 1 alert rule to be selected as a default for each type. By marking an alert rule as default, the rule will be automatically included in subsequently created tests that test a metric used in the alert rule.","description_kind":"plain","optional":true},"direction":{"type":"string","description":"[TO_TARGET, FROM_TARGET, BIDIRECTIONAL] The direction of the test (affects how results are shown).","description_kind":"plain","optional":true},"expression":{"type":"string","description":"The alert rule evaluation expression.","description_kind":"plain","required":true},"id":{"type":"string","description_kind":"plain","optional":true,"computed":true},"include_covered_prefixes":{"type":"bool","description":"Include queries for subprefixes detected under this prefix.","description_kind":"plain","optional":true},"minimum_sources":{"type":"number","description":"The minimum number of agents or monitors that must meet the specified criteria in order to trigger an alert. This option is mutually exclusive with 'minimum_sources_pct'.","description_kind":"plain","optional":true},"minimum_sources_pct":{"type":"number","description":"The minimum percentage of agents or monitors that must meet the specified criteria in order to trigger an alert. This option is mutually exclusive with 'minimum_sources'.","description_kind":"plain","optional":true},"notify_on_clear":{"type":"bool","description":"Set to 'true' to trigger the notification when the alert clears.","description_kind":"plain","optional":true},"rounds_violating_mode":{"type":"string","description":"[ANY or EXACT] Defines whether the same agent(s) must meet the EXACT same threshold in consecutive rounds or not. The default value is ANY.","description_kind":"plain","optional":true},"rounds_violating_out_of":{"type":"number","description":"Specifies the divisor (Y value) of the “X of Y times” condition in an alert rule.  Minimum value is 1, maximum value is 10.","description_kind":"plain","required":true},"rounds_violating_required":{"type":"number","description":"Specifies the numerator (X value) of the “X of Y times” condition in an alert rule.  Minimum value is 1, maximum value is 10. Must be less than or equal to 'roundsViolatingOutOf'.","description_kind":"plain","required":true},"rule_id":{"type":"number","description":"The unique ID of the alert rule.","description_kind":"plain","computed":true},"rule_name":{"type":"string","description":"The name of the alert rule.","description_kind":"plain","required":true},"severity":{"type":"string","description":"[INFO, MINOR, MAJOR or CRITICAL] The severity level of the alert rule. The default value is INFO.","description_kind":"plain","optional":true},"test_ids":{"type":["list","number"],"description":"The valid test IDs.","description_kind":"plain","computed":true}},"block_types":{"notifications":{"nesting_mode":"set","block":{"block_types":{"email":{"nesting_mode":"set","block":{"attributes":{"message":{"type":"string","description":"The contents of the email, as a string.","description_kind":"plain","optional":true},"recipient":{"type":["set","string"],"description":"The email addresses to send the notification to.","description_kind":"plain","optional":true}},"description":"The email notification.","description_kind":"plain"}},"third_party":{"nesting_mode":"set","block":{"attributes":{"integration_id":{"type":"string","description":"The integration ID, as a string.","description_kind":"plain","required":true},"integration_type":{"type":"string","description":"The integration type, as a string.","description_kind":"plain","required":true}},"description":"Third party notification.","description_kind":"plain"}},"webhook":{"nesting_mode":"set","block":{"attributes":{"integration_id":{"type":"string","description":"The integration ID, as a string.","description_kind":"plain","required":true},"integration_type":{"type":"string","description":"The integration type, as a string.","description_kind":"plain","required":true}},"description":"Webhook notification.","description_kind":"plain"}}},"description":"The list of notifications for the alert rule.","description_kind":"plain"}},"tests":{"nesting_mode":"list","block":{"attributes":{"test_id":{"type":"number","description":"The list of unique test IDs.","description_kind":"plain","optional":true}},"description":"The list of included tests.","description_kind":"plain"}}},"description":"This resource allows you to create alert rules for ThousandEyes alerts. Alert rules define what alerts are sent, when, and to whom. For more information, see [Alert Rules](https://docs.thousandeyes.com/product-documentation/alerts#rule-configuration).","description_kind":"plain"}},"thousandeyes_bgp":{"version":0,"block":{"attributes":{"alerts_enabled":{"type":"bool","description":"Set to 'true' to enable alerts, or 'false' to disable alerts. The default value is 'true'.","description_kind":"plain","optional":true},"api_links":{"type":["list",["object",{"href":"string","rel":"string"}]],"description":"Self links to the endpoint to pull test metadata, and data links to the endpoint for test data. Read-only, and shows rel and href elements.","description_kind":"plain","computed":true},"created_by":{"type":"string","description":"Created by user.","description_kind":"plain","computed":true},"created_date":{"type":"string","description":"The date of creation.","description_kind":"plain","computed":true},"description":{"type":"string","description":"A description of the alert rule. Defaults to an empty string.","description_kind":"plain","optional":true},"enabled":{"type":"bool","description":"Enables or disables the test.","description_kind":"plain","optional":true},"groups":{"type":["set",["object",{"agents":["list",["object",{"agent_id":"number"}]],"builtin":"bool","group_id":"number","name":"string","tests":["list",["object",{"test_id":"number"}]],"type":"string"}]],"description":"The array of label objects.","description_kind":"plain","computed":true},"id":{"type":"string","description_kind":"plain","optional":true,"computed":true},"include_covered_prefixes":{"type":"bool","description":"Include queries for subprefixes detected under this prefix.","description_kind":"plain","optional":true},"live_share":{"type":"bool","description":"Set to 'true' for a test shared with your account group, or to 'false' for a normal test.","description_kind":"plain","computed":true},"modified_by":{"type":"string","description":"Last modified by this user.","description_kind":"plain","computed":true},"modified_date":{"type":"string","description":"The date the test was last modified. Shown in UTC.","description_kind":"plain","computed":true},"prefix":{"type":"string","description":"The BGP network address prefix.","description_kind":"plain","required":true},"saved_event":{"type":"bool","description":"Set to 'true' for a saved event, or to 'false' for a normal test.","description_kind":"plain","computed":true},"test_id":{"type":"number","description":"The unique ID of the test.","description_kind":"plain","computed":true},"test_name":{"type":"string","description":"The name of the test.","description_kind":"plain","required":true},"type":{"type":"string","description":"The type of test.","description_kind":"plain","computed":true},"use_public_bgp":{"type":"bool","description":"Enable to automatically add all available Public BGP Monitors to the test.","description_kind":"plain","optional":true}},"block_types":{"alert_rules":{"nesting_mode":"set","block":{"attributes":{"rule_id":{"type":"number","description":"The unique ID of the alert rule.","description_kind":"plain","optional":true}},"description":"Gets the ruleId from the /alert-rules endpoint. If alertsEnabled is set to 'true' and alertRules is not included in a creation/update query, the applicable defaults will be used.","description_kind":"plain"}},"bgp_monitors":{"nesting_mode":"list","block":{"attributes":{"ip_address":{"type":"string","description":"The IP address of the BGP monitor.","description_kind":"plain","optional":true},"monitor_id":{"type":"number","description":"The unique ID of the BGP monitor.","description_kind":"plain","required":true},"monitor_name":{"type":"string","description":"The name of the BGP monitor.","description_kind":"plain","optional":true},"monitor_type":{"type":"string","description":"[Public or Private] Shows the type of BGP monitor.","description_kind":"plain","optional":true},"network":{"type":"string","description":"The name of the autonomous system in which the BGP monitor is found.","description_kind":"plain","optional":true}},"description":"The array of BGP monitor object IDs. The monitorIDs can be sourced from the /bgp-monitors endpoint.","description_kind":"plain"}},"shared_with_accounts":{"nesting_mode":"list","block":{"attributes":{"aid":{"type":"number","description":"The account group ID.","description_kind":"plain","required":true},"name":{"type":"string","description":"Account name.","description_kind":"plain","computed":true}},"description":"[“serverName”: “fqdn of server”] The array of DNS Server objects.","description_kind":"plain"}}},"description":"This resource allows you to create a ThousandEyes BGP test. This test type collects BGP routing related information and presents a visualization of the route and relevants events on the timeline. For more information, see [BGP Tests](https://docs.thousandeyes.com/product-documentation/internet-and-wan-monitoring/tests#bgp-test).","description_kind":"plain"}},"thousandeyes_dns_server":{"version":0,"block":{"attributes":{"alerts_enabled":{"type":"bool","description":"Set to 'true' to enable alerts, or 'false' to disable alerts. The default value is 'true'.","description_kind":"plain","optional":true},"api_links":{"type":["list",["object",{"href":"string","rel":"string"}]],"description":"Self links to the endpoint to pull test metadata, and data links to the endpoint for test data. Read-only, and shows rel and href elements.","description_kind":"plain","computed":true},"bandwidth_measurements":{"type":"bool","description":"Set to 1 to measure bandwidth. This only applies to Enterprise Agents assigned to the test, and requires that networkMeasurements is set. Defaults to 'false'.","description_kind":"plain","optional":true},"bgp_measurements":{"type":"bool","description":"Enable BGP measurements. Set to true for enabled, false for disabled.","description_kind":"plain","optional":true},"created_by":{"type":"string","description":"Created by user.","description_kind":"plain","computed":true},"created_date":{"type":"string","description":"The date of creation.","description_kind":"plain","computed":true},"description":{"type":"string","description":"A description of the alert rule. Defaults to an empty string.","description_kind":"plain","optional":true},"dns_transport_protocol":{"type":"string","description":"[UDP or TCP] The DNS transport protocol used for DNS requests. Defaults to UDP.","description_kind":"plain","optional":true},"domain":{"type":"string","description":"See notes\ttarget record for test, suffixed by record type (ie, www.thousandeyes.com CNAME). If no record type is specified, the test will default to an ANY record.","description_kind":"plain","required":true},"enabled":{"type":"bool","description":"Enables or disables the test.","description_kind":"plain","optional":true},"groups":{"type":["set",["object",{"agents":["list",["object",{"agent_id":"number"}]],"builtin":"bool","group_id":"number","name":"string","tests":["list",["object",{"test_id":"number"}]],"type":"string"}]],"description":"The array of label objects.","description_kind":"plain","computed":true},"id":{"type":"string","description_kind":"plain","optional":true,"computed":true},"interval":{"type":"number","description":"The interval to run the test on, in seconds.","description_kind":"plain","required":true},"live_share":{"type":"bool","description":"Set to 'true' for a test shared with your account group, or to 'false' for a normal test.","description_kind":"plain","computed":true},"modified_by":{"type":"string","description":"Last modified by this user.","description_kind":"plain","computed":true},"modified_date":{"type":"string","description":"The date the test was last modified. Shown in UTC.","description_kind":"plain","computed":true},"mtu_measurements":{"type":"bool","description":"Measure MTU sizes on the network from agents to the target.","description_kind":"plain","optional":true},"network_measurements":{"type":"bool","description":"Set to 'true' to enable network measurements.","description_kind":"plain","optional":true},"num_path_traces":{"type":"number","description":"The number of path traces.","description_kind":"plain","optional":true},"path_trace_mode":{"type":"string","description":"[classic or inSession] Choose 'inSession' to perform the path trace within a TCP session. Default value is 'classic'.","description_kind":"plain","optional":true},"probe_mode":{"type":"string","description":"[AUTO, SACk, or SYN] The probe mode used by end-to-end network tests. This is only valid if the protocol is set to TCP. The default value is AUTO.","description_kind":"plain","optional":true},"protocol":{"type":"string","description":"The protocol used by dependent network tests (end-to-end, path trace, PMTUD). Default value is TCP.","description_kind":"plain","optional":true},"recursive_queries":{"type":"bool","description":"Defines whether to run the query with the recursion desired (RD) flag enabled.","description_kind":"plain","optional":true},"saved_event":{"type":"bool","description":"Set to 'true' for a saved event, or to 'false' for a normal test.","description_kind":"plain","computed":true},"test_id":{"type":"number","description":"The unique ID of the test.","description_kind":"plain","computed":true},"test_name":{"type":"string","description":"The name of the test.","description_kind":"plain","required":true},"type":{"type":"string","description":"The type of test.","description_kind":"plain","computed":true},"use_public_bgp":{"type":"bool","description":"Enable to automatically add all available Public BGP Monitors to the test.","description_kind":"plain","optional":true}},"block_types":{"agents":{"nesting_mode":"set","block":{"attributes":{"agent_id":{"type":"number","description":"The unique ID for the ThousandEyes agent.","description_kind":"plain","required":true}},"description":"The list of ThousandEyes agents to use.","description_kind":"plain"},"min_items":1},"alert_rules":{"nesting_mode":"set","block":{"attributes":{"rule_id":{"type":"number","description":"The unique ID of the alert rule.","description_kind":"plain","optional":true}},"description":"Gets the ruleId from the /alert-rules endpoint. If alertsEnabled is set to 'true' and alertRules is not included in a creation/update query, the applicable defaults will be used.","description_kind":"plain"}},"bgp_monitors":{"nesting_mode":"list","block":{"attributes":{"ip_address":{"type":"string","description":"The IP address of the BGP monitor.","description_kind":"plain","optional":true},"monitor_id":{"type":"number","description":"The unique ID of the BGP monitor.","description_kind":"plain","required":true},"monitor_name":{"type":"string","description":"The name of the BGP monitor.","description_kind":"plain","optional":true},"monitor_type":{"type":"string","description":"[Public or Private] Shows the type of BGP monitor.","description_kind":"plain","optional":true},"network":{"type":"string","description":"The name of the autonomous system in which the BGP monitor is found.","description_kind":"plain","optional":true}},"description":"The array of BGP monitor object IDs. The monitorIDs can be sourced from the /bgp-monitors endpoint.","description_kind":"plain"}},"dns_servers":{"nesting_mode":"set","block":{"attributes":{"server_id":{"type":"number","description":"The unique ID of the DNS server.","description_kind":"plain","optional":true},"server_name":{"type":"string","description":"The DNS server name.","description_kind":"plain","optional":true}},"description":"The array of DNS Server objects (“serverName”: “fqdn of server”).","description_kind":"plain"},"min_items":1},"shared_with_accounts":{"nesting_mode":"list","block":{"attributes":{"aid":{"type":"number","description":"The account group ID.","description_kind":"plain","required":true},"name":{"type":"string","description":"Account name.","description_kind":"plain","computed":true}},"description":"[“serverName”: “fqdn of server”] The array of DNS Server objects.","description_kind":"plain"}}},"description":"This resource allows users to create a DNS server test. This test type validates DNS records and provides service performance metrics. For more information, see [DNS Server Tests](https://docs.thousandeyes.com/product-documentation/internet-and-wan-monitoring/tests#dns-server-test).","description_kind":"plain"}},"thousandeyes_dns_trace":{"version":0,"block":{"attributes":{"alerts_enabled":{"type":"bool","description":"Set to 'true' to enable alerts, or 'false' to disable alerts. The default value is 'true'.","description_kind":"plain","optional":true},"api_links":{"type":["list",["object",{"href":"string","rel":"string"}]],"description":"Self links to the endpoint to pull test metadata, and data links to the endpoint for test data. Read-only, and shows rel and href elements.","description_kind":"plain","computed":true},"created_by":{"type":"string","description":"Created by user.","description_kind":"plain","computed":true},"created_date":{"type":"string","description":"The date of creation.","description_kind":"plain","computed":true},"description":{"type":"string","description":"A description of the alert rule. Defaults to an empty string.","description_kind":"plain","optional":true},"dns_transport_protocol":{"type":"string","description":"[UDP or TCP] The DNS transport protocol used for DNS requests. Defaults to UDP.","description_kind":"plain","optional":true},"domain":{"type":"string","description":"See notes\ttarget record for test, suffixed by record type (ie, www.thousandeyes.com CNAME). If no record type is specified, the test will default to an ANY record.","description_kind":"plain","required":true},"enabled":{"type":"bool","description":"Enables or disables the test.","description_kind":"plain","optional":true},"groups":{"type":["set",["object",{"agents":["list",["object",{"agent_id":"number"}]],"builtin":"bool","group_id":"number","name":"string","tests":["list",["object",{"test_id":"number"}]],"type":"string"}]],"description":"The array of label objects.","description_kind":"plain","computed":true},"id":{"type":"string","description_kind":"plain","optional":true,"computed":true},"interval":{"type":"number","description":"The interval to run the test on, in seconds.","description_kind":"plain","required":true},"live_share":{"type":"bool","description":"Set to 'true' for a test shared with your account group, or to 'false' for a normal test.","description_kind":"plain","computed":true},"modified_by":{"type":"string","description":"Last modified by this user.","description_kind":"plain","computed":true},"modified_date":{"type":"string","description":"The date the test was last modified. Shown in UTC.","description_kind":"plain","computed":true},"saved_event":{"type":"bool","description":"Set to 'true' for a saved event, or to 'false' for a normal test.","description_kind":"plain","computed":true},"test_id":{"type":"number","description":"The unique ID of the test.","description_kind":"plain","computed":true},"test_name":{"type":"string","description":"The name of the test.","description_kind":"plain","required":true},"type":{"type":"string","description":"The type of test.","description_kind":"plain","computed":true}},"block_types":{"agents":{"nesting_mode":"set","block":{"attributes":{"agent_id":{"type":"number","description":"The unique ID for the ThousandEyes agent.","description_kind":"plain","required":true}},"description":"The list of ThousandEyes agents to use.","description_kind":"plain"},"min_items":1},"alert_rules":{"nesting_mode":"set","block":{"attributes":{"rule_id":{"type":"number","description":"The unique ID of the alert rule.","description_kind":"plain","optional":true}},"description":"Gets the ruleId from the /alert-rules endpoint. If alertsEnabled is set to 'true' and alertRules is not included in a creation/update query, the applicable defaults will be used.","description_kind":"plain"}},"shared_with_accounts":{"nesting_mode":"list","block":{"attributes":{"aid":{"type":"number","description":"The account group ID.","description_kind":"plain","required":true},"name":{"type":"string","description":"Account name.","description_kind":"plain","computed":true}},"description":"[“serverName”: “fqdn of server”] The array of DNS Server objects.","description_kind":"plain"}}},"description":"This resource provides users with the ability to create a DNS trace test. This test type verifies the delegation of DNS records and ensures the DNS hierarchy is as expected. For more information, see [DNS Trace Tests](https://docs.thousandeyes.com/product-documentation/internet-and-wan-monitoring/tests#dns-trace-test).","description_kind":"plain"}},"thousandeyes_dnssec":{"version":0,"block":{"attributes":{"alerts_enabled":{"type":"bool","description":"Set to 'true' to enable alerts, or 'false' to disable alerts. The default value is 'true'.","description_kind":"plain","optional":true},"api_links":{"type":["list",["object",{"href":"string","rel":"string"}]],"description":"Self links to the endpoint to pull test metadata, and data links to the endpoint for test data. Read-only, and shows rel and href elements.","description_kind":"plain","computed":true},"created_by":{"type":"string","description":"Created by user.","description_kind":"plain","computed":true},"created_date":{"type":"string","description":"The date of creation.","description_kind":"plain","computed":true},"description":{"type":"string","description":"A description of the alert rule. Defaults to an empty string.","description_kind":"plain","optional":true},"domain":{"type":"string","description":"See notes\ttarget record for test, suffixed by record type (ie, www.thousandeyes.com CNAME). If no record type is specified, the test will default to an ANY record.","description_kind":"plain","required":true},"enabled":{"type":"bool","description":"Enables or disables the test.","description_kind":"plain","optional":true},"groups":{"type":["set",["object",{"agents":["list",["object",{"agent_id":"number"}]],"builtin":"bool","group_id":"number","name":"string","tests":["list",["object",{"test_id":"number"}]],"type":"string"}]],"description":"The array of label objects.","description_kind":"plain","computed":true},"id":{"type":"string","description_kind":"plain","optional":true,"computed":true},"interval":{"type":"number","description":"The interval to run the test on, in seconds.","description_kind":"plain","required":true},"live_share":{"type":"bool","description":"Set to 'true' for a test shared with your account group, or to 'false' for a normal test.","description_kind":"plain","computed":true},"modified_by":{"type":"string","description":"Last modified by this user.","description_kind":"plain","computed":true},"modified_date":{"type":"string","description":"The date the test was last modified. Shown in UTC.","description_kind":"plain","computed":true},"saved_event":{"type":"bool","description":"Set to 'true' for a saved event, or to 'false' for a normal test.","description_kind":"plain","computed":true},"test_id":{"type":"number","description":"The unique ID of the test.","description_kind":"plain","computed":true},"test_name":{"type":"string","description":"The name of the test.","description_kind":"plain","required":true},"type":{"type":"string","description":"The type of test.","description_kind":"plain","computed":true}},"block_types":{"agents":{"nesting_mode":"set","block":{"attributes":{"agent_id":{"type":"number","description":"The unique ID for the ThousandEyes agent.","description_kind":"plain","required":true}},"description":"The list of ThousandEyes agents to use.","description_kind":"plain"},"min_items":1},"alert_rules":{"nesting_mode":"set","block":{"attributes":{"rule_id":{"type":"number","description":"The unique ID of the alert rule.","description_kind":"plain","optional":true}},"description":"Gets the ruleId from the /alert-rules endpoint. If alertsEnabled is set to 'true' and alertRules is not included in a creation/update query, the applicable defaults will be used.","description_kind":"plain"}},"shared_with_accounts":{"nesting_mode":"list","block":{"attributes":{"aid":{"type":"number","description":"The account group ID.","description_kind":"plain","required":true},"name":{"type":"string","description":"Account name.","description_kind":"plain","computed":true}},"description":"[“serverName”: “fqdn of server”] The array of DNS Server objects.","description_kind":"plain"}}},"description":"This resource allows you to create a DNSSEC test. This test type verifies the digital signature of DNS resource records and validates the authenticity of those records. For more information, see [DNSSEC Test](https://docs.thousandeyes.com/product-documentation/internet-and-wan-monitoring/tests#dnssec-test).","description_kind":"plain"}},"thousandeyes_ftp_server":{"version":0,"block":{"attributes":{"alerts_enabled":{"type":"bool","description":"Set to 'true' to enable alerts, or 'false' to disable alerts. The default value is 'true'.","description_kind":"plain","optional":true},"api_links":{"type":["list",["object",{"href":"string","rel":"string"}]],"description":"Self links to the endpoint to pull test metadata, and data links to the endpoint for test data. Read-only, and shows rel and href elements.","description_kind":"plain","computed":true},"bgp_measurements":{"type":"bool","description":"Enable BGP measurements. Set to true for enabled, false for disabled.","description_kind":"plain","optional":true},"created_by":{"type":"string","description":"Created by user.","description_kind":"plain","computed":true},"created_date":{"type":"string","description":"The date of creation.","description_kind":"plain","computed":true},"description":{"type":"string","description":"A description of the alert rule. Defaults to an empty string.","description_kind":"plain","optional":true},"download_limit":{"type":"number","description":"Specify the maximum number of bytes to download from the target object.","description_kind":"plain","optional":true},"enabled":{"type":"bool","description":"Enables or disables the test.","description_kind":"plain","optional":true},"ftp_target_time":{"type":"number","description":"The target time for operation completion. Specified in milliseconds.","description_kind":"plain","optional":true},"ftp_time_limit":{"type":"number","description":"Set the time limit for the test (in seconds). FTP tests default to 10s.","description_kind":"plain","optional":true},"groups":{"type":["set",["object",{"agents":["list",["object",{"agent_id":"number"}]],"builtin":"bool","group_id":"number","name":"string","tests":["list",["object",{"test_id":"number"}]],"type":"string"}]],"description":"The array of label objects.","description_kind":"plain","computed":true},"id":{"type":"string","description_kind":"plain","optional":true,"computed":true},"interval":{"type":"number","description":"The interval to run the test on, in seconds.","description_kind":"plain","required":true},"live_share":{"type":"bool","description":"Set to 'true' for a test shared with your account group, or to 'false' for a normal test.","description_kind":"plain","computed":true},"modified_by":{"type":"string","description":"Last modified by this user.","description_kind":"plain","computed":true},"modified_date":{"type":"string","description":"The date the test was last modified. Shown in UTC.","description_kind":"plain","computed":true},"mtu_measurements":{"type":"bool","description":"Measure MTU sizes on the network from agents to the target.","description_kind":"plain","optional":true},"network_measurements":{"type":"bool","description":"Set to 'true' to enable network measurements.","description_kind":"plain","optional":true},"num_path_traces":{"type":"number","description":"The number of path traces.","description_kind":"plain","optional":true},"password":{"type":"string","description":"The password to be used to authenticate with the destination server (required for FTP).","description_kind":"plain","required":true},"path_trace_mode":{"type":"string","description":"[classic or inSession] Choose 'inSession' to perform the path trace within a TCP session. Default value is 'classic'.","description_kind":"plain","optional":true},"probe_mode":{"type":"string","description":"[AUTO, SACk, or SYN] The probe mode used by end-to-end network tests. This is only valid if the protocol is set to TCP. The default value is AUTO.","description_kind":"plain","optional":true},"protocol":{"type":"string","description":"The protocol used by dependent network tests (end-to-end, path trace, PMTUD). Default value is TCP.","description_kind":"plain","optional":true},"request_type":{"type":"string","description":"[Download, Upload, or List] Sets the type of activity for the test.","description_kind":"plain","required":true},"saved_event":{"type":"bool","description":"Set to 'true' for a saved event, or to 'false' for a normal test.","description_kind":"plain","computed":true},"test_id":{"type":"number","description":"The unique ID of the test.","description_kind":"plain","computed":true},"test_name":{"type":"string","description":"The name of the test.","description_kind":"plain","required":true},"type":{"type":"string","description":"The type of test.","description_kind":"plain","computed":true},"url":{"type":"string","description":"The target URL for the test.","description_kind":"plain","required":true},"use_active_ftp":{"type":"number","description":"Enables active FTP. If not set, tests default to use passive FTP.","description_kind":"plain","optional":true},"use_explicit_ftps":{"type":"number","description":"Enables explicit FTPS (FTP over SSL). By default, tests will autodetect when it is appropriate to use FTPS.","description_kind":"plain","optional":true},"username":{"type":"string","description":"The username to be used to authenticate with the destination server.","description_kind":"plain","required":true}},"block_types":{"agents":{"nesting_mode":"set","block":{"attributes":{"agent_id":{"type":"number","description":"The unique ID for the ThousandEyes agent.","description_kind":"plain","required":true}},"description":"The list of ThousandEyes agents to use.","description_kind":"plain"},"min_items":1},"alert_rules":{"nesting_mode":"set","block":{"attributes":{"rule_id":{"type":"number","description":"The unique ID of the alert rule.","description_kind":"plain","optional":true}},"description":"Gets the ruleId from the /alert-rules endpoint. If alertsEnabled is set to 'true' and alertRules is not included in a creation/update query, the applicable defaults will be used.","description_kind":"plain"}},"shared_with_accounts":{"nesting_mode":"list","block":{"attributes":{"aid":{"type":"number","description":"The account group ID.","description_kind":"plain","required":true},"name":{"type":"string","description":"Account name.","description_kind":"plain","computed":true}},"description":"[“serverName”: “fqdn of server”] The array of DNS Server objects.","description_kind":"plain"}}},"description":"This resource allows you to create an FTP server test. This test type verifies the availability and performance of FTP servers. For more information, see [FTP Server Tests](https://docs.thousandeyes.com/product-documentation/internet-and-wan-monitoring/tests#ftp-server-test).","description_kind":"plain"}},"thousandeyes_http_server":{"version":0,"block":{"attributes":{"alerts_enabled":{"type":"bool","description":"Set to 'true' to enable alerts, or 'false' to disable alerts. The default value is 'true'.","description_kind":"plain","optional":true},"api_links":{"type":["list",["object",{"href":"string","rel":"string"}]],"description":"Self links to the endpoint to pull test metadata, and data links to the endpoint for test data. Read-only, and shows rel and href elements.","description_kind":"plain","computed":true},"auth_type":{"type":"string","description":"[NONE, BASIC, NTLM, KERBEROS] The HTTP authentication type. Defaults to NONE.","description_kind":"plain","optional":true},"bandwidth_measurements":{"type":"bool","description":"Set to 1 to measure bandwidth. This only applies to Enterprise Agents assigned to the test, and requires that networkMeasurements is set. Defaults to 'false'.","description_kind":"plain","optional":true},"bgp_measurements":{"type":"bool","description":"Enable BGP measurements. Set to true for enabled, false for disabled.","description_kind":"plain","optional":true},"client_certificate":{"type":"string","description":"String representation (containing newline characters) of the client certificate, if used.","description_kind":"plain","optional":true},"content_regex":{"type":"string","description":"Verify content using a regular expression. This field does not require escaping.","description_kind":"plain","optional":true},"created_by":{"type":"string","description":"Created by user.","description_kind":"plain","computed":true},"created_date":{"type":"string","description":"The date of creation.","description_kind":"plain","computed":true},"custom_headers":{"type":["map","string"],"description":"The custom headers.","description_kind":"plain","optional":true},"description":{"type":"string","description":"A description of the alert rule. Defaults to an empty string.","description_kind":"plain","optional":true},"desired_status_code":{"type":"string","description":"The valid HTTP response code you’re interested in retrieving.","description_kind":"plain","optional":true},"dns_override":{"type":"string","description":"The IP address to use for DNS override.","description_kind":"plain","optional":true},"download_limit":{"type":"number","description":"Specify the maximum number of bytes to download from the target object.","description_kind":"plain","optional":true},"enabled":{"type":"bool","description":"Enables or disables the test.","description_kind":"plain","optional":true},"follow_redirects":{"type":"bool","description":"Follow HTTP/301 or HTTP/302 redirect directives. Defaults to 'true'.","description_kind":"plain","optional":true},"groups":{"type":["set",["object",{"agents":["list",["object",{"agent_id":"number"}]],"builtin":"bool","group_id":"number","name":"string","tests":["list",["object",{"test_id":"number"}]],"type":"string"}]],"description":"The array of label objects.","description_kind":"plain","computed":true},"headers":{"type":["list","string"],"description":"[\"header: value\", \"header2: value\"] The array of header strings.","description_kind":"plain","optional":true},"http_target_time":{"type":"number","description":"The target time for HTTP server completion, specified in milliseconds.","description_kind":"plain","optional":true},"http_time_limit":{"type":"number","description":"The target time for HTTP server limits, specified in seconds.","description_kind":"plain","optional":true},"http_version":{"type":"number","description":"Set to 2 for the default HTTP version (prefer HTTP/2), or 1 for HTTP/1.1 only.","description_kind":"plain","optional":true},"id":{"type":"string","description_kind":"plain","optional":true,"computed":true},"interval":{"type":"number","description":"The interval to run the test on, in seconds.","description_kind":"plain","required":true},"live_share":{"type":"bool","description":"Set to 'true' for a test shared with your account group, or to 'false' for a normal test.","description_kind":"plain","computed":true},"modified_by":{"type":"string","description":"Last modified by this user.","description_kind":"plain","computed":true},"modified_date":{"type":"string","description":"The date the test was last modified. Shown in UTC.","description_kind":"plain","computed":true},"mtu_measurements":{"type":"bool","description":"Measure MTU sizes on the network from agents to the target.","description_kind":"plain","optional":true},"network_measurements":{"type":"bool","description":"Set to 'true' to enable network measurements.","description_kind":"plain","optional":true},"num_path_traces":{"type":"number","description":"The number of path traces.","description_kind":"plain","optional":true},"password":{"type":"string","description":"The password to be used to authenticate with the destination server.","description_kind":"plain","optional":true},"path_trace_mode":{"type":"string","description":"[classic or inSession] Choose 'inSession' to perform the path trace within a TCP session. Default value is 'classic'.","description_kind":"plain","optional":true},"post_body":{"type":"string","description":"The POST body content. No escaping is required. If the post body is set to something other than empty, the requestMethod will be set to POST.","description_kind":"plain","optional":true},"probe_mode":{"type":"string","description":"[AUTO, SACk, or SYN] The probe mode used by end-to-end network tests. This is only valid if the protocol is set to TCP. The default value is AUTO.","description_kind":"plain","optional":true},"protocol":{"type":"string","description":"The protocol used by dependent network tests (end-to-end, path trace, PMTUD). Default value is TCP.","description_kind":"plain","optional":true},"saved_event":{"type":"bool","description":"Set to 'true' for a saved event, or to 'false' for a normal test.","description_kind":"plain","computed":true},"ssl_version":{"type":"string","description":"Reflects the verbose ssl protocol version used by a test.","description_kind":"plain","computed":true},"ssl_version_id":{"type":"number","description":"Defines the SSL version. 0 for auto, 3 for SSLv3, 4 for TLS v1.0, 5 for TLS v1.1, 6 for TLS v1.2.","description_kind":"plain","optional":true},"test_id":{"type":"number","description":"The unique ID of the test.","description_kind":"plain","computed":true},"test_name":{"type":"string","description":"The name of the test.","description_kind":"plain","required":true},"type":{"type":"string","description":"The type of test.","description_kind":"plain","computed":true},"url":{"type":"string","description":"The target URL for the test.","description_kind":"plain","required":true},"use_ntlm":{"type":"bool","description":"Enable to use basic authentication. Only include this field if you are using authentication. Requires the username and password to be set if enabled.","description_kind":"plain","optional":true},"user_agent":{"type":"string","description":"The user-agent string to be provided during the test.","description_kind":"plain","optional":true},"username":{"type":"string","description":"The username to be used to authenticate with the destination server.","description_kind":"plain","optional":true},"verify_certificate":{"type":"bool","description":"Set whether to ignore certificate errors. Set to 'false' to ignore certificate errors. The default value is 'true'.","description_kind":"plain","optional":true}},"block_types":{"agents":{"nesting_mode":"set","block":{"attributes":{"agent_id":{"type":"number","description":"The unique ID for the ThousandEyes agent.","description_kind":"plain","required":true}},"description":"The list of ThousandEyes agents to use.","description_kind":"plain"},"min_items":1},"alert_rules":{"nesting_mode":"set","block":{"attributes":{"rule_id":{"type":"number","description":"The unique ID of the alert rule.","description_kind":"plain","optional":true}},"description":"Gets the ruleId from the /alert-rules endpoint. If alertsEnabled is set to 'true' and alertRules is not included in a creation/update query, the applicable defaults will be used.","description_kind":"plain"}},"bgp_monitors":{"nesting_mode":"list","block":{"attributes":{"ip_address":{"type":"string","description":"The IP address of the BGP monitor.","description_kind":"plain","optional":true},"monitor_id":{"type":"number","description":"The unique ID of the BGP monitor.","description_kind":"plain","required":true},"monitor_name":{"type":"string","description":"The name of the BGP monitor.","description_kind":"plain","optional":true},"monitor_type":{"type":"string","description":"[Public or Private] Shows the type of BGP monitor.","description_kind":"plain","optional":true},"network":{"type":"string","description":"The name of the autonomous system in which the BGP monitor is found.","description_kind":"plain","optional":true}},"description":"The array of BGP monitor object IDs. The monitorIDs can be sourced from the /bgp-monitors endpoint.","description_kind":"plain"}},"shared_with_accounts":{"nesting_mode":"list","block":{"attributes":{"aid":{"type":"number","description":"The account group ID.","description_kind":"plain","required":true},"name":{"type":"string","description":"Account name.","description_kind":"plain","computed":true}},"description":"[“serverName”: “fqdn of server”] The array of DNS Server objects.","description_kind":"plain"}}},"description":"This resource allows you to create an HTTP server test. This test type measures the availability and performance of an HTTP service. For more information, see [HTTP Server Tests](https://docs.thousandeyes.com/product-documentation/internet-and-wan-monitoring/tests#http-server-test).","description_kind":"plain"}},"thousandeyes_label":{"version":0,"block":{"attributes":{"builtin":{"type":"bool","description":"Set to 'true' for built-in labels, or to 'false' for user-created labels. Built-in labels are read-only.","description_kind":"plain","computed":true},"group_id":{"type":"number","description":"The unique ID of the label. For built-in labels, this number is a negative.","description_kind":"plain","computed":true},"id":{"type":"string","description_kind":"plain","optional":true,"computed":true},"name":{"type":"string","description":"The name of the test.","description_kind":"plain","required":true},"type":{"type":"string","description":"[tests, agents, endpoint_tests, or endpoint_agents] The type of label.","description_kind":"plain","required":true}},"block_types":{"agents":{"nesting_mode":"set","block":{"attributes":{"agent_id":{"type":"number","description":"The list of unique agent IDs that the label is applied to.","description_kind":"plain","required":true}},"description":"The list of agents to use.","description_kind":"plain"}},"tests":{"nesting_mode":"set","block":{"attributes":{"test_id":{"type":"number","description":"The list of unique test IDs.","description_kind":"plain","required":true}},"description":"The list of included tests.","description_kind":"plain"}}},"description":"This resource allows you to create labels for ThousandEyes agents and test groups. Labels are used to quickly select an agent group or a test group, and apply them to a specific context (for example, applying a group of tests to an agent). For more information, see [Working with Labels](https://docs.thousandeyes.com/product-documentation/internet-and-wan-monitoring/tests/working-with-labels-for-agent-and-test-groups).","description_kind":"plain"}},"thousandeyes_page_load":{"version":0,"block":{"attributes":{"alerts_enabled":{"type":"bool","description":"Set to 'true' to enable alerts, or 'false' to disable alerts. The default value is 'true'.","description_kind":"plain","optional":true},"api_links":{"type":["list",["object",{"href":"string","rel":"string"}]],"description":"Self links to the endpoint to pull test metadata, and data links to the endpoint for test data. Read-only, and shows rel and href elements.","description_kind":"plain","computed":true},"auth_type":{"type":"string","description":"[NONE, BASIC, NTLM, KERBEROS] The HTTP authentication type. Defaults to NONE.","description_kind":"plain","optional":true},"bandwidth_measurements":{"type":"bool","description":"Set to 1 to measure bandwidth. This only applies to Enterprise Agents assigned to the test, and requires that networkMeasurements is set. Defaults to 'false'.","description_kind":"plain","optional":true},"bgp_measurements":{"type":"bool","description":"Enable BGP measurements. Set to true for enabled, false for disabled.","description_kind":"plain","optional":true},"content_regex":{"type":"string","description":"Verify content using a regular expression. This field does not require escaping.","description_kind":"plain","optional":true},"created_by":{"type":"string","description":"Created by user.","description_kind":"plain","computed":true},"created_date":{"type":"string","description":"The date of creation.","description_kind":"plain","computed":true},"custom_headers":{"type":["map","string"],"description":"The custom headers.","description_kind":"plain","optional":true},"description":{"type":"string","description":"A description of the alert rule. Defaults to an empty string.","description_kind":"plain","optional":true},"enabled":{"type":"bool","description":"Enables or disables the test.","description_kind":"plain","optional":true},"follow_redirects":{"type":"bool","description":"Follow HTTP/301 or HTTP/302 redirect directives. Defaults to 'true'.","description_kind":"plain","optional":true},"groups":{"type":["set",["object",{"agents":["list",["object",{"agent_id":"number"}]],"builtin":"bool","group_id":"number","name":"string","tests":["list",["object",{"test_id":"number"}]],"type":"string"}]],"description":"The array of label objects.","description_kind":"plain","computed":true},"http_interval":{"type":"number","description":"The interval to run the HTTP server test on.","description_kind":"plain","required":true},"http_target_time":{"type":"number","description":"The target time for HTTP server completion, specified in milliseconds.","description_kind":"plain","optional":true},"http_time_limit":{"type":"number","description":"The target time for HTTP server limits, specified in seconds.","description_kind":"plain","optional":true},"http_version":{"type":"number","description":"Set to 2 for the default HTTP version (prefer HTTP/2), or 1 for HTTP/1.1 only.","description_kind":"plain","optional":true},"id":{"type":"string","description_kind":"plain","optional":true,"computed":true},"include_headers":{"type":"bool","description":"Set to 'true' to capture response headers for objects loaded by the test.","description_kind":"plain","optional":true},"interval":{"type":"number","description":"The interval to run the test on, in seconds.","description_kind":"plain","required":true},"live_share":{"type":"bool","description":"Set to 'true' for a test shared with your account group, or to 'false' for a normal test.","description_kind":"plain","computed":true},"modified_by":{"type":"string","description":"Last modified by this user.","description_kind":"plain","computed":true},"modified_date":{"type":"string","description":"The date the test was last modified. Shown in UTC.","description_kind":"plain","computed":true},"mtu_measurements":{"type":"bool","description":"Measure MTU sizes on the network from agents to the target.","description_kind":"plain","optional":true},"network_measurements":{"type":"bool","description":"Set to 'true' to enable network measurements.","description_kind":"plain","optional":true},"num_path_traces":{"type":"number","description":"The number of path traces.","description_kind":"plain","optional":true},"page_load_target_time":{"type":"number","description":"The target time for page load completion, specified in seconds (1 to 30). The value cannot exceed the pageLoadTimeLimit value.","description_kind":"plain","optional":true},"page_load_time_limit":{"type":"number","description":"The page load time limit. This value must be larger than httpTimeLimit, and defaults to 10 seconds.","description_kind":"plain","optional":true},"password":{"type":"string","description":"The password to be used to authenticate with the destination server.","description_kind":"plain","optional":true},"path_trace_mode":{"type":"string","description":"[classic or inSession] Choose 'inSession' to perform the path trace within a TCP session. Default value is 'classic'.","description_kind":"plain","optional":true},"probe_mode":{"type":"string","description":"[AUTO, SACk, or SYN] The probe mode used by end-to-end network tests. This is only valid if the protocol is set to TCP. The default value is AUTO.","description_kind":"plain","optional":true},"protocol":{"type":"string","description":"The protocol used by dependent network tests (end-to-end, path trace, PMTUD). Default value is TCP.","description_kind":"plain","optional":true},"saved_event":{"type":"bool","description":"Set to 'true' for a saved event, or to 'false' for a normal test.","description_kind":"plain","computed":true},"ssl_version":{"type":"string","description":"Reflects the verbose ssl protocol version used by a test.","description_kind":"plain","computed":true},"ssl_version_id":{"type":"number","description":"Defines the SSL version. 0 for auto, 3 for SSLv3, 4 for TLS v1.0, 5 for TLS v1.1, 6 for TLS v1.2.","description_kind":"plain","optional":true},"subinterval":{"type":"number","description":"The subinterval for round-robin testing (in seconds). The value must be less than or equal to 'interval'.","description_kind":"plain","optional":true},"test_id":{"type":"number","description":"The unique ID of the test.","description_kind":"plain","computed":true},"test_name":{"type":"string","description":"The name of the test.","description_kind":"plain","required":true},"type":{"type":"string","description":"The type of test.","description_kind":"plain","computed":true},"url":{"type":"string","description":"The target URL for the test.","description_kind":"plain","required":true},"use_ntlm":{"type":"bool","description":"Enable to use basic authentication. Only include this field if you are using authentication. Requires the username and password to be set if enabled.","description_kind":"plain","optional":true},"use_public_bgp":{"type":"bool","description":"Enable to automatically add all available Public BGP Monitors to the test.","description_kind":"plain","optional":true},"user_agent":{"type":"string","description":"The user-agent string to be provided during the test.","description_kind":"plain","optional":true},"username":{"type":"string","description":"The username to be used to authenticate with the destination server.","description_kind":"plain","optional":true},"verify_certificate":{"type":"bool","description":"Set whether to ignore certificate errors. Set to 'false' to ignore certificate errors. The default value is 'true'.","description_kind":"plain","optional":true}},"block_types":{"agents":{"nesting_mode":"set","block":{"attributes":{"agent_id":{"type":"number","description":"The unique ID for the ThousandEyes agent.","description_kind":"plain","required":true}},"description":"The list of ThousandEyes agents to use.","description_kind":"plain"},"min_items":1},"alert_rules":{"nesting_mode":"set","block":{"attributes":{"rule_id":{"type":"number","description":"The unique ID of the alert rule.","description_kind":"plain","optional":true}},"description":"Gets the ruleId from the /alert-rules endpoint. If alertsEnabled is set to 'true' and alertRules is not included in a creation/update query, the applicable defaults will be used.","description_kind":"plain"}},"bgp_monitors":{"nesting_mode":"list","block":{"attributes":{"ip_address":{"type":"string","description":"The IP address of the BGP monitor.","description_kind":"plain","optional":true},"monitor_id":{"type":"number","description":"The unique ID of the BGP monitor.","description_kind":"plain","required":true},"monitor_name":{"type":"string","description":"The name of the BGP monitor.","description_kind":"plain","optional":true},"monitor_type":{"type":"string","description":"[Public or Private] Shows the type of BGP monitor.","description_kind":"plain","optional":true},"network":{"type":"string","description":"The name of the autonomous system in which the BGP monitor is found.","description_kind":"plain","optional":true}},"description":"The array of BGP monitor object IDs. The monitorIDs can be sourced from the /bgp-monitors endpoint.","description_kind":"plain"}},"shared_with_accounts":{"nesting_mode":"list","block":{"attributes":{"aid":{"type":"number","description":"The account group ID.","description_kind":"plain","required":true},"name":{"type":"string","description":"Account name.","description_kind":"plain","computed":true}},"description":"[“serverName”: “fqdn of server”] The array of DNS Server objects.","description_kind":"plain"}}},"description":"This resource allows you to create a page load test. This test type obtains in-browser site performance metrics. For more information, see [Page Load Tests](https://docs.thousandeyes.com/product-documentation/internet-and-wan-monitoring/tests#page-load-test).","description_kind":"plain"}},"thousandeyes_sip_server":{"version":0,"block":{"attributes":{"alerts_enabled":{"type":"bool","description":"Set to 'true' to enable alerts, or 'false' to disable alerts. The default value is 'true'.","description_kind":"plain","optional":true},"api_links":{"type":["list",["object",{"href":"string","rel":"string"}]],"description":"Self links to the endpoint to pull test metadata, and data links to the endpoint for test data. Read-only, and shows rel and href elements.","description_kind":"plain","computed":true},"bandwidth_measurements":{"type":"bool","description":"Set to 1 to measure bandwidth. This only applies to Enterprise Agents assigned to the test, and requires that networkMeasurements is set. Defaults to 'false'.","description_kind":"plain","optional":true},"bgp_measurements":{"type":"bool","description":"Enable BGP measurements. Set to true for enabled, false for disabled.","description_kind":"plain","optional":true},"created_by":{"type":"string","description":"Created by user.","description_kind":"plain","computed":true},"created_date":{"type":"string","description":"The date of creation.","description_kind":"plain","computed":true},"description":{"type":"string","description":"A description of the alert rule. Defaults to an empty string.","description_kind":"plain","optional":true},"enabled":{"type":"bool","description":"Enables or disables the test.","description_kind":"plain","optional":true},"groups":{"type":["set",["object",{"agents":["list",["object",{"agent_id":"number"}]],"builtin":"bool","group_id":"number","name":"string","tests":["list",["object",{"test_id":"number"}]],"type":"string"}]],"description":"The array of label objects.","description_kind":"plain","computed":true},"id":{"type":"string","description_kind":"plain","optional":true,"computed":true},"interval":{"type":"number","description":"The interval to run the test on, in seconds.","description_kind":"plain","required":true},"live_share":{"type":"bool","description":"Set to 'true' for a test shared with your account group, or to 'false' for a normal test.","description_kind":"plain","computed":true},"modified_by":{"type":"string","description":"Last modified by this user.","description_kind":"plain","computed":true},"modified_date":{"type":"string","description":"The date the test was last modified. Shown in UTC.","description_kind":"plain","computed":true},"mtu_measurements":{"type":"bool","description":"Measure MTU sizes on the network from agents to the target.","description_kind":"plain","optional":true},"network_measurements":{"type":"bool","description":"Set to 'true' to enable network measurements.","description_kind":"plain","optional":true},"num_path_traces":{"type":"number","description":"The number of path traces.","description_kind":"plain","optional":true},"options_regex":{"type":"string","description":"A regex string of options. This field does not require escaping.","description_kind":"plain","optional":true},"path_trace_mode":{"type":"string","description":"[classic or inSession] Choose 'inSession' to perform the path trace within a TCP session. Default value is 'classic'.","description_kind":"plain","optional":true},"probe_mode":{"type":"string","description":"[AUTO, SACk, or SYN] The probe mode used by end-to-end network tests. This is only valid if the protocol is set to TCP. The default value is AUTO.","description_kind":"plain","optional":true},"register_enabled":{"type":"bool","description":"Configure whether to perform SIP registration on the test target with the SIP REGISTER command. Default value is 'false'.","description_kind":"plain","optional":true},"saved_event":{"type":"bool","description":"Set to 'true' for a saved event, or to 'false' for a normal test.","description_kind":"plain","computed":true},"sip_target_time":{"type":"number","description":"The target time for test completion, specified in milliseconds.","description_kind":"plain","optional":true},"sip_time_limit":{"type":"number","description":"The test time limit. Can be between 5 and 10 seconds, and defaults to 5 seconds.","description_kind":"plain","optional":true},"test_id":{"type":"number","description":"The unique ID of the test.","description_kind":"plain","computed":true},"test_name":{"type":"string","description":"The name of the test.","description_kind":"plain","required":true},"type":{"type":"string","description":"The type of test.","description_kind":"plain","computed":true},"use_public_bgp":{"type":"bool","description":"Enable to automatically add all available Public BGP Monitors to the test.","description_kind":"plain","optional":true}},"block_types":{"agents":{"nesting_mode":"set","block":{"attributes":{"agent_id":{"type":"number","description":"The unique ID for the ThousandEyes agent.","description_kind":"plain","required":true}},"description":"The list of ThousandEyes agents to use.","description_kind":"plain"},"min_items":1},"alert_rules":{"nesting_mode":"set","block":{"attributes":{"rule_id":{"type":"number","description":"The unique ID of the alert rule.","description_kind":"plain","optional":true}},"description":"Gets the ruleId from the /alert-rules endpoint. If alertsEnabled is set to 'true' and alertRules is not included in a creation/update query, the applicable defaults will be used.","description_kind":"plain"}},"shared_with_accounts":{"nesting_mode":"list","block":{"attributes":{"aid":{"type":"number","description":"The account group ID.","description_kind":"plain","required":true},"name":{"type":"string","description":"Account name.","description_kind":"plain","computed":true}},"description":"[“serverName”: “fqdn of server”] The array of DNS Server objects.","description_kind":"plain"}},"target_sip_credentials":{"nesting_mode":"list","block":{"attributes":{"auth_user":{"type":"string","description":"The username for authentication with the SIP server.","description_kind":"plain","required":true},"password":{"type":"string","description":"The password to be used to authenticate with the destination server.","description_kind":"plain","optional":true},"port":{"type":"number","description":"The target port.","description_kind":"plain","optional":true},"protocol":{"type":"string","description":"[TCP, TLS, or UDP] The transport layer for SIP communication. Can be either TCP, TLS (TLS over TCP), or UDP, and defaults to TCP.","description_kind":"plain","required":true},"sip_proxy":{"type":"string","description":"The SIP proxy. This is distinct from the SIP server, and is specified as a domain name or IP address.","description_kind":"plain","optional":true},"sip_registrar":{"type":"string","description":"The SIP server to be tested, specified by domain name or IP address.","description_kind":"plain","required":true},"user":{"type":"string","description":"The username for SIP registration. This should be unique within a ThousandEyes account group.","description_kind":"plain","optional":true}},"description":"The Target SIP server credentials.","description_kind":"plain"},"min_items":1,"max_items":1}},"description":"This resource allows you to create a SIP server test. This test type checks for the availability and performance of a VoIP SIP server, confirms the ability to perform SIP Register with a target server, and observes the requests and responses. For more information, see [SIP Server Tests](https://docs.thousandeyes.com/product-documentation/internet-and-wan-monitoring/tests#sip-server-test).","description_kind":"plain"}},"thousandeyes_voice":{"version":0,"block":{"attributes":{"alerts_enabled":{"type":"bool","description":"Set to 'true' to enable alerts, or 'false' to disable alerts. The default value is 'true'.","description_kind":"plain","optional":true},"api_links":{"type":["list",["object",{"href":"string","rel":"string"}]],"description":"Self links to the endpoint to pull test metadata, and data links to the endpoint for test data. Read-only, and shows rel and href elements.","description_kind":"plain","computed":true},"bgp_measurements":{"type":"bool","description":"Enable BGP measurements. Set to true for enabled, false for disabled.","description_kind":"plain","optional":true},"codec":{"type":"string","description":"The label of the codec.","description_kind":"plain","computed":true},"codec_id":{"type":"number","description":"The unique ID of the codec to use.","description_kind":"plain","optional":true},"created_by":{"type":"string","description":"Created by user.","description_kind":"plain","computed":true},"created_date":{"type":"string","description":"The date of creation.","description_kind":"plain","computed":true},"description":{"type":"string","description":"A description of the alert rule. Defaults to an empty string.","description_kind":"plain","optional":true},"dscp":{"type":"string","description":"The Differentiated Services Code Point (DSCP) label.","description_kind":"plain","computed":true},"dscp_id":{"type":"number","description":"The DSCP ID.","description_kind":"plain","optional":true},"duration":{"type":"number","description":"The duration of the test, in seconds (5 to 30).","description_kind":"plain","optional":true},"enabled":{"type":"bool","description":"Enables or disables the test.","description_kind":"plain","optional":true},"groups":{"type":["set",["object",{"agents":["list",["object",{"agent_id":"number"}]],"builtin":"bool","group_id":"number","name":"string","tests":["list",["object",{"test_id":"number"}]],"type":"string"}]],"description":"The array of label objects.","description_kind":"plain","computed":true},"id":{"type":"string","description_kind":"plain","optional":true,"computed":true},"interval":{"type":"number","description":"The interval to run the test on, in seconds.","description_kind":"plain","required":true},"jitter_buffer":{"type":"number","description":"The de-jitter buffer size, in seconds (0 to 150).","description_kind":"plain","optional":true},"live_share":{"type":"bool","description":"Set to 'true' for a test shared with your account group, or to 'false' for a normal test.","description_kind":"plain","computed":true},"modified_by":{"type":"string","description":"Last modified by this user.","description_kind":"plain","computed":true},"modified_date":{"type":"string","description":"The date the test was last modified. Shown in UTC.","description_kind":"plain","computed":true},"mtu_measurements":{"type":"bool","description":"Measure MTU sizes on the network from agents to the target.","description_kind":"plain","optional":true},"num_path_traces":{"type":"number","description":"The number of path traces.","description_kind":"plain","optional":true},"saved_event":{"type":"bool","description":"Set to 'true' for a saved event, or to 'false' for a normal test.","description_kind":"plain","computed":true},"target_agent_id":{"type":"number","description":"The target agent's unique ID. Pulled from the /agents endpoint. Both the 'agents': [] and the targetAgentID cannot be Cloud Agents. Can be Enterprise Agent -\u003e Cloud, Cloud -\u003e Enterprise Agent, or Enterprise Agent -\u003e Enterprise Agent.","description_kind":"plain","required":true},"test_id":{"type":"number","description":"The unique ID of the test.","description_kind":"plain","computed":true},"test_name":{"type":"string","description":"The name of the test.","description_kind":"plain","required":true},"type":{"type":"string","description":"The type of test.","description_kind":"plain","computed":true},"use_public_bgp":{"type":"bool","description":"Enable to automatically add all available Public BGP Monitors to the test.","description_kind":"plain","optional":true}},"block_types":{"agents":{"nesting_mode":"set","block":{"attributes":{"agent_id":{"type":"number","description":"The unique ID for the ThousandEyes agent.","description_kind":"plain","required":true}},"description":"The list of ThousandEyes agents to use.","description_kind":"plain"},"min_items":1},"alert_rules":{"nesting_mode":"set","block":{"attributes":{"rule_id":{"type":"number","description":"The unique ID of the alert rule.","description_kind":"plain","optional":true}},"description":"Gets the ruleId from the /alert-rules endpoint. If alertsEnabled is set to 'true' and alertRules is not included in a creation/update query, the applicable defaults will be used.","description_kind":"plain"}},"bgp_monitors":{"nesting_mode":"list","block":{"attributes":{"ip_address":{"type":"string","description":"The IP address of the BGP monitor.","description_kind":"plain","optional":true},"monitor_id":{"type":"number","description":"The unique ID of the BGP monitor.","description_kind":"plain","required":true},"monitor_name":{"type":"string","description":"The name of the BGP monitor.","description_kind":"plain","optional":true},"monitor_type":{"type":"string","description":"[Public or Private] Shows the type of BGP monitor.","description_kind":"plain","optional":true},"network":{"type":"string","description":"The name of the autonomous system in which the BGP monitor is found.","description_kind":"plain","optional":true}},"description":"The array of BGP monitor object IDs. The monitorIDs can be sourced from the /bgp-monitors endpoint.","description_kind":"plain"}},"shared_with_accounts":{"nesting_mode":"list","block":{"attributes":{"aid":{"type":"number","description":"The account group ID.","description_kind":"plain","required":true},"name":{"type":"string","description":"Account name.","description_kind":"plain","computed":true}},"description":"[“serverName”: “fqdn of server”] The array of DNS Server objects.","description_kind":"plain"}}},"description":"This resource allows you to create a RTP Stream test. This test type measures the quality of real-time protocol (RTP) voice streams between ThousandEyes agents that act as VoIP user agents. For more information, see [RTP Stream Tests](https://docs.thousandeyes.com/product-documentation/internet-and-wan-monitoring/tests#rtp-stream-test).","description_kind":"plain"}},"thousandeyes_web_transaction":{"version":0,"block":{"attributes":{"alerts_enabled":{"type":"bool","description":"Set to 'true' to enable alerts, or 'false' to disable alerts. The default value is 'true'.","description_kind":"plain","optional":true},"api_links":{"type":["list",["object",{"href":"string","rel":"string"}]],"description":"Self links to the endpoint to pull test metadata, and data links to the endpoint for test data. Read-only, and shows rel and href elements.","description_kind":"plain","computed":true},"auth_type":{"type":"string","description":"[NONE, BASIC, NTLM, KERBEROS] The HTTP authentication type. Defaults to NONE.","description_kind":"plain","optional":true},"bandwidth_measurements":{"type":"bool","description":"Set to 1 to measure bandwidth. This only applies to Enterprise Agents assigned to the test, and requires that networkMeasurements is set. Defaults to 'false'.","description_kind":"plain","optional":true},"content_regex":{"type":"string","description":"Verify content using a regular expression. This field does not require escaping.","description_kind":"plain","optional":true},"created_by":{"type":"string","description":"Created by user.","description_kind":"plain","computed":true},"created_date":{"type":"string","description":"The date of creation.","description_kind":"plain","computed":true},"credentials":{"type":["list","number"],"description":"The array of credentialID integers. You can get the credentialId from the /credentials endpoint.","description_kind":"plain","optional":true},"custom_headers":{"type":["map","string"],"description":"The custom headers.","description_kind":"plain","optional":true},"description":{"type":"string","description":"A description of the alert rule. Defaults to an empty string.","description_kind":"plain","optional":true},"desired_status_code":{"type":"string","description":"The valid HTTP response code you’re interested in retrieving.","description_kind":"plain","optional":true},"enabled":{"type":"bool","description":"Enables or disables the test.","description_kind":"plain","optional":true},"groups":{"type":["set",["object",{"agents":["list",["object",{"agent_id":"number"}]],"builtin":"bool","group_id":"number","name":"string","tests":["list",["object",{"test_id":"number"}]],"type":"string"}]],"description":"The array of label objects.","description_kind":"plain","computed":true},"http_target_time":{"type":"number","description":"The target time for HTTP server completion, specified in milliseconds.","description_kind":"plain","optional":true},"http_time_limit":{"type":"number","description":"The target time for HTTP server limits, specified in seconds.","description_kind":"plain","optional":true},"http_version":{"type":"number","description":"Set to 2 for the default HTTP version (prefer HTTP/2), or 1 for HTTP/1.1 only.","description_kind":"plain","optional":true},"id":{"type":"string","description_kind":"plain","optional":true,"computed":true},"include_headers":{"type":"bool","description":"Set to 'true' to capture response headers for objects loaded by the test.","description_kind":"plain","optional":true},"interval":{"type":"number","description":"The interval to run the test on, in seconds.","description_kind":"plain","required":true},"live_share":{"type":"bool","description":"Set to 'true' for a test shared with your account group, or to 'false' for a normal test.","description_kind":"plain","computed":true},"modified_by":{"type":"string","description":"Last modified by this user.","description_kind":"plain","computed":true},"modified_date":{"type":"string","description":"The date the test was last modified. Shown in UTC.","description_kind":"plain","computed":true},"mtu_measurements":{"type":"bool","description":"Measure MTU sizes on the network from agents to the target.","description_kind":"plain","optional":true},"network_measurements":{"type":"bool","description":"Set to 'true' to enable network measurements.","description_kind":"plain","optional":true},"num_path_traces":{"type":"number","description":"The number of path traces.","description_kind":"plain","optional":true},"password":{"type":"string","description":"The password to be used to authenticate with the destination server.","description_kind":"plain","optional":true},"path_trace_mode":{"type":"string","description":"[classic or inSession] Choose 'inSession' to perform the path trace within a TCP session. Default value is 'classic'.","description_kind":"plain","optional":true},"probe_mode":{"type":"string","description":"[AUTO, SACk, or SYN] The probe mode used by end-to-end network tests. This is only valid if the protocol is set to TCP. The default value is AUTO.","description_kind":"plain","optional":true},"protocol":{"type":"string","description":"The protocol used by dependent network tests (end-to-end, path trace, PMTUD). Default value is TCP.","description_kind":"plain","optional":true},"saved_event":{"type":"bool","description":"Set to 'true' for a saved event, or to 'false' for a normal test.","description_kind":"plain","computed":true},"ssl_version_id":{"type":"number","description":"Defines the SSL version. 0 for auto, 3 for SSLv3, 4 for TLS v1.0, 5 for TLS v1.1, 6 for TLS v1.2.","description_kind":"plain","optional":true},"subinterval":{"type":"number","description":"The subinterval for round-robin testing (in seconds). The value must be less than or equal to 'interval'.","description_kind":"plain","optional":true},"target_time":{"type":"number","description":"The target time for completion. The default value is 50 percent of the time limit, specified in seconds.","description_kind":"plain","optional":true},"test_id":{"type":"number","description":"The unique ID of the test.","description_kind":"plain","computed":true},"test_name":{"type":"string","description":"The name of the test.","description_kind":"plain","required":true},"time_limit":{"type":"number","description":"The time limit for the transaction. The default value is 30s.","description_kind":"plain","optional":true},"transaction_script":{"type":"string","description":"The full selenium transaction script.","description_kind":"plain","required":true},"type":{"type":"string","description":"The type of test.","description_kind":"plain","computed":true},"url":{"type":"string","description":"The target URL for the test.","description_kind":"plain","required":true},"use_ntlm":{"type":"bool","description":"Enable to use basic authentication. Only include this field if you are using authentication. Requires the username and password to be set if enabled.","description_kind":"plain","optional":true},"user_agent":{"type":"string","description":"The user-agent string to be provided during the test.","description_kind":"plain","optional":true},"username":{"type":"string","description":"The username to be used to authenticate with the destination server.","description_kind":"plain","optional":true},"verify_certificate":{"type":"bool","description":"Set whether to ignore certificate errors. Set to 'false' to ignore certificate errors. The default value is 'true'.","description_kind":"plain","optional":true}},"block_types":{"agents":{"nesting_mode":"set","block":{"attributes":{"agent_id":{"type":"number","description":"The unique ID for the ThousandEyes agent.","description_kind":"plain","required":true}},"description":"The list of ThousandEyes agents to use.","description_kind":"plain"},"min_items":1},"alert_rules":{"nesting_mode":"set","block":{"attributes":{"rule_id":{"type":"number","description":"The unique ID of the alert rule.","description_kind":"plain","optional":true}},"description":"Gets the ruleId from the /alert-rules endpoint. If alertsEnabled is set to 'true' and alertRules is not included in a creation/update query, the applicable defaults will be used.","description_kind":"plain"}},"shared_with_accounts":{"nesting_mode":"list","block":{"attributes":{"aid":{"type":"number","description":"The account group ID.","description_kind":"plain","required":true},"name":{"type":"string","description":"Account name.","description_kind":"plain","computed":true}},"description":"[“serverName”: “fqdn of server”] The array of DNS Server objects.","description_kind":"plain"}}},"description":"This resource allows users to create a transaction test. This test type is a scripted synthetic browser interaction that can traverse multiple pages and user actions. For more information, see [Transaction Tests](https://docs.thousandeyes.com/product-documentation/browser-synthetics/transaction-tests).","description_kind":"plain"}}},"data_source_schemas":{"thousandeyes_account_group":{"version":0,"block":{"attributes":{"aid":{"type":"number","description":"The unique ID for the account group.","description_kind":"plain","computed":true},"id":{"type":"string","description_kind":"plain","optional":true,"computed":true},"name":{"type":"string","description":"The name of the account group.","description_kind":"plain","required":true}},"description":"This data source allows you to configure a ThousandEyes account group. For more information, see [What is an Account Group](https://docs.thousandeyes.com/product-documentation/user-management/account-groups/what-is-an-account-group).","description_kind":"plain"}},"thousandeyes_agent":{"version":0,"block":{"attributes":{"agent_id":{"type":"number","description":"The unique ID of the agent.","description_kind":"plain","computed":true},"agent_name":{"type":"string","description":"The name of the agent.","description_kind":"plain","required":true},"id":{"type":"string","description_kind":"plain","optional":true,"computed":true},"ip_addresses":{"type":["list","string"],"description":"The array of IP Addresses entries for the agent.","description_kind":"plain","computed":true}},"description":"This data source allows you to define a ThousandEyes agent. For more information, see [Global Vantage Points](https://docs.thousandeyes.com/product-documentation/global-vantage-points).","description_kind":"plain"}},"thousandeyes_bgp_monitor":{"version":0,"block":{"attributes":{"id":{"type":"string","description_kind":"plain","optional":true,"computed":true},"ip_address":{"type":"string","description":"The IP address of the BGP monitor.","description_kind":"plain","computed":true},"monitor_id":{"type":"number","description":"The unique ID of BGP monitor.","description_kind":"plain","optional":true},"monitor_name":{"type":"string","description":"The display name of the BGP monitor.","description_kind":"plain","optional":true},"monitor_type":{"type":"string","description":"The type of BGP monitor (either Public or Private).","description_kind":"plain","computed":true},"network":{"type":"string","description":"The name of the autonomous system in which the monitor is found.","description_kind":"plain","computed":true}},"description":"This data source allows you to configure private and public BGP monitors. For more information, see [BGP Tests](https://docs.thousandeyes.com/product-documentation/internet-and-wan-monitoring/tests/bgp-tests).","description_kind":"plain"}},"thousandeyes_integration":{"version":0,"block":{"attributes":{"auth_method":{"type":"string","description":"(PagerDuty only) The authentication method. Always set to `Auth Token`.","description_kind":"plain","computed":true},"auth_token":{"type":"string","description":"(PagerDuty only) The PagerDuty authentication token.","description_kind":"plain","computed":true},"auth_user":{"type":"string","description":"(PagerDuty only) The PagerDuty user.","description_kind":"plain","computed":true},"channel":{"type":"string","description":"(Slack only) The Slack #channel or @user.","description_kind":"plain","computed":true},"id":{"type":"string","description_kind":"plain","optional":true,"computed":true},"integration_id":{"type":"string","description":"The unique ID of the integration.","description_kind":"plain","computed":true},"integration_name":{"type":"string","description":"The name of the integration.","description_kind":"plain","required":true},"integration_type":{"type":"string","description":"The type of integration.","description_kind":"plain","computed":true},"target":{"type":"string","description":"The target URL of the integration.","description_kind":"plain","computed":true}},"description":"This data source allows you to configure a third-party integration for ThousandEyes alerts. Supported integrations include PagerDuty, Slack, AppDynamics, and ServiceNow. For more information, see [Alerts Integrations](https://docs.thousandeyes.com/product-documentation/alerts/integrations).","description_kind":"plain"}}}}}}
